
Microsoft Visual Studio Solution File, Format Version 12.00
# Visual Studio Version 16
VisualStudioVersion = 16.0.31129.286
MinimumVisualStudioVersion = 10.0.40219.1
Project("{8BC9CEB8-8B4A-11D0-8D11-00A0C91BC942}") = "BlankProject", "BlankProject\BlankProject.vcxproj", "{A7709E94-6307-4A77-91AF-CC2CE02BD0F6}"
EndProject
Project("{8BC9CEB8-8B4A-11D0-8D11-00A0C91BC942}") = "GraphicsEngine", "GraphicsEngine\GraphicsEngine.vcxproj", "{49252E1E-FC02-4E0D-9CA6-D69193AFFEA4}"
EndProject
Global
	GlobalSection(SolutionConfigurationPlatforms) = preSolution
		Debug|x64 = Debug|x64
		Release|x64 = Release|x64
	EndGlobalSection
	GlobalSection(ProjectConfigurationPlatforms) = postSolution
		{A7709E94-6307-4A77-91AF-CC2CE02BD0F6}.Debug|x64.ActiveCfg = Debug|x64
		{A7709E94-6307-4A77-91AF-CC2CE02BD0F6}.Debug|x64.Build.0 = Debug|x64
		{A7709E94-6307-4A77-91AF-CC2CE02BD0F6}.Release|x64.ActiveCfg = Release|x64
		{A7709E94-6307-4A77-91AF-CC2CE02BD0F6}.Release|x64.Build.0 = Release|x64
		{49252E1E-FC02-4E0D-9CA6-D69193AFFEA4}.Debug|x64.ActiveCfg = Debug|x64
		{49252E1E-FC02-4E0D-9CA6-D69193AFFEA4}.Debug|x64.Build.0 = Debug|x64
		{49252E1E-FC02-4E0D-9CA6-D69193AFFEA4}.Release|x64.ActiveCfg = Release|x64
		{49252E1E-FC02-4E0D-9CA6-D69193AFFEA4}.Release|x64.Build.0 = Release|x64
	EndGlobalSection
	GlobalSection(SolutionProperties) = preSolution
		HideSolutionNode = FALSE
	EndGlobalSection
	GlobalSection(ExtensibilityGlobals) = postSolution
		SolutionGuid = {C9F68E67-F365-46DF-9E07-D420621ADB28}
	EndGlobalSection
EndGlobal
